
Microsoft Visual Studio Solution File, Format Version 12.00
# Visual Studio Version 17
VisualStudioVersion = 17.11.35327.3
MinimumVisualStudioVersion = 10.0.40219.1
Project("{9A19103F-16F7-4668-BE54-9A1E7A4F7556}") = "FarmaciaVerifarmaChallenge.Domain", "FarmaciaVerifarmaChallenge.Domain\FarmaciaVerifarmaChallenge.Domain.csproj", "{D766A346-4F5D-41D8-952D-77E58301A294}"
EndProject
Project("{9A19103F-16F7-4668-BE54-9A1E7A4F7556}") = "FarmaciaVerifarmaChallenge.Application", "FarmaciaVerifarmaChallenge.Application\FarmaciaVerifarmaChallenge.Application.csproj", "{F46B6AE4-1BF6-4BB5-AA3E-C49B18BDFBDF}"
EndProject
Project("{9A19103F-16F7-4668-BE54-9A1E7A4F7556}") = "FarmaciaVerifarmaChallenge.Infrastructure", "FarmaciaVerifarmaChallenge.Infrastructure\FarmaciaVerifarmaChallenge.Infrastructure.csproj", "{C56967F3-DB08-43C6-B1FC-DCE3057B0EA2}"
EndProject
Project("{9A19103F-16F7-4668-BE54-9A1E7A4F7556}") = "FarmaciaVerifarmaChallenge.API", "FarmaciaVerifarmaChallenge.API\FarmaciaVerifarmaChallenge.API.csproj", "{60A620F5-9958-48B4-989C-58E839AAE11A}"
EndProject
Project("{E53339B2-1760-4266-BCC7-CA923CBCF16C}") = "docker-compose", "docker-compose.dcproj", "{A9635417-EF50-4778-9BE2-912822FF14FD}"
EndProject
Project("{FAE04EC0-301F-11D3-BF4B-00C04F79EFBC}") = "FarmaciaVerifarmaChallenge.Tests", "FarmaciaVerifarmaChallenge.Tests\FarmaciaVerifarmaChallenge.Tests.csproj", "{EBBD4F97-2A5A-4D33-91AE-54639A5FA3EF}"
EndProject
Global
	GlobalSection(SolutionConfigurationPlatforms) = preSolution
		Debug|Any CPU = Debug|Any CPU
		Release|Any CPU = Release|Any CPU
	EndGlobalSection
	GlobalSection(ProjectConfigurationPlatforms) = postSolution
		{D766A346-4F5D-41D8-952D-77E58301A294}.Debug|Any CPU.ActiveCfg = Debug|Any CPU
		{D766A346-4F5D-41D8-952D-77E58301A294}.Debug|Any CPU.Build.0 = Debug|Any CPU
		{D766A346-4F5D-41D8-952D-77E58301A294}.Release|Any CPU.ActiveCfg = Release|Any CPU
		{D766A346-4F5D-41D8-952D-77E58301A294}.Release|Any CPU.Build.0 = Release|Any CPU
		{F46B6AE4-1BF6-4BB5-AA3E-C49B18BDFBDF}.Debug|Any CPU.ActiveCfg = Debug|Any CPU
		{F46B6AE4-1BF6-4BB5-AA3E-C49B18BDFBDF}.Debug|Any CPU.Build.0 = Debug|Any CPU
		{F46B6AE4-1BF6-4BB5-AA3E-C49B18BDFBDF}.Release|Any CPU.ActiveCfg = Release|Any CPU
		{F46B6AE4-1BF6-4BB5-AA3E-C49B18BDFBDF}.Release|Any CPU.Build.0 = Release|Any CPU
		{C56967F3-DB08-43C6-B1FC-DCE3057B0EA2}.Debug|Any CPU.ActiveCfg = Debug|Any CPU
		{C56967F3-DB08-43C6-B1FC-DCE3057B0EA2}.Debug|Any CPU.Build.0 = Debug|Any CPU
		{C56967F3-DB08-43C6-B1FC-DCE3057B0EA2}.Release|Any CPU.ActiveCfg = Release|Any CPU
		{C56967F3-DB08-43C6-B1FC-DCE3057B0EA2}.Release|Any CPU.Build.0 = Release|Any CPU
		{60A620F5-9958-48B4-989C-58E839AAE11A}.Debug|Any CPU.ActiveCfg = Debug|Any CPU
		{60A620F5-9958-48B4-989C-58E839AAE11A}.Debug|Any CPU.Build.0 = Debug|Any CPU
		{60A620F5-9958-48B4-989C-58E839AAE11A}.Release|Any CPU.ActiveCfg = Release|Any CPU
		{60A620F5-9958-48B4-989C-58E839AAE11A}.Release|Any CPU.Build.0 = Release|Any CPU
		{A9635417-EF50-4778-9BE2-912822FF14FD}.Debug|Any CPU.ActiveCfg = Debug|Any CPU
		{A9635417-EF50-4778-9BE2-912822FF14FD}.Debug|Any CPU.Build.0 = Debug|Any CPU
		{A9635417-EF50-4778-9BE2-912822FF14FD}.Release|Any CPU.ActiveCfg = Release|Any CPU
		{A9635417-EF50-4778-9BE2-912822FF14FD}.Release|Any CPU.Build.0 = Release|Any CPU
		{EBBD4F97-2A5A-4D33-91AE-54639A5FA3EF}.Debug|Any CPU.ActiveCfg = Debug|Any CPU
		{EBBD4F97-2A5A-4D33-91AE-54639A5FA3EF}.Debug|Any CPU.Build.0 = Debug|Any CPU
		{EBBD4F97-2A5A-4D33-91AE-54639A5FA3EF}.Release|Any CPU.ActiveCfg = Release|Any CPU
		{EBBD4F97-2A5A-4D33-91AE-54639A5FA3EF}.Release|Any CPU.Build.0 = Release|Any CPU
	EndGlobalSection
	GlobalSection(SolutionProperties) = preSolution
		HideSolutionNode = FALSE
	EndGlobalSection
	GlobalSection(ExtensibilityGlobals) = postSolution
		SolutionGuid = {CA15BE99-932E-4ADD-9C75-55E799EE5DA8}
	EndGlobalSection
EndGlobal
